
Microsoft Visual Studio Solution File, Format Version 11.00
# Visual Studio 2010
Project("{FAE04EC0-301F-11D3-BF4B-00C04F79EFBC}") = "nhibernate-glimpse-real-time-sql", "nhibernate-glimpse-real-time-sql\nhibernate-glimpse-real-time-sql.csproj", "{2EE8F3E3-219F-4B58-841A-D78DE3EB4BF2}"
EndProject
Global
	GlobalSection(SolutionConfigurationPlatforms) = preSolution
		Debug|Any CPU = Debug|Any CPU
		Release|Any CPU = Release|Any CPU
	EndGlobalSection
	GlobalSection(ProjectConfigurationPlatforms) = postSolution
		{2EE8F3E3-219F-4B58-841A-D78DE3EB4BF2}.Debug|Any CPU.ActiveCfg = Debug|Any CPU
		{2EE8F3E3-219F-4B58-841A-D78DE3EB4BF2}.Debug|Any CPU.Build.0 = Debug|Any CPU
		{2EE8F3E3-219F-4B58-841A-D78DE3EB4BF2}.Release|Any CPU.ActiveCfg = Release|Any CPU
		{2EE8F3E3-219F-4B58-841A-D78DE3EB4BF2}.Release|Any CPU.Build.0 = Release|Any CPU
	EndGlobalSection
	GlobalSection(SolutionProperties) = preSolution
		HideSolutionNode = FALSE
	EndGlobalSection
EndGlobal
