
Microsoft Visual Studio Solution File, Format Version 12.00
# Visual Studio 2012
Project("{FAE04EC0-301F-11D3-BF4B-00C04F79EFBC}") = "windows-phone-application-resources-navigation", "windows-phone-application-resources-navigation\windows-phone-application-resources-navigation.csproj", "{B9310C7C-9C01-4939-BDC6-01B391B5AD40}"
EndProject
Global
	GlobalSection(SolutionConfigurationPlatforms) = preSolution
		Debug|Any CPU = Debug|Any CPU
		Release|Any CPU = Release|Any CPU
	EndGlobalSection
	GlobalSection(ProjectConfigurationPlatforms) = postSolution
		{B9310C7C-9C01-4939-BDC6-01B391B5AD40}.Debug|Any CPU.ActiveCfg = Debug|Any CPU
		{B9310C7C-9C01-4939-BDC6-01B391B5AD40}.Debug|Any CPU.Build.0 = Debug|Any CPU
		{B9310C7C-9C01-4939-BDC6-01B391B5AD40}.Debug|Any CPU.Deploy.0 = Debug|Any CPU
		{B9310C7C-9C01-4939-BDC6-01B391B5AD40}.Release|Any CPU.ActiveCfg = Release|Any CPU
		{B9310C7C-9C01-4939-BDC6-01B391B5AD40}.Release|Any CPU.Build.0 = Release|Any CPU
		{B9310C7C-9C01-4939-BDC6-01B391B5AD40}.Release|Any CPU.Deploy.0 = Release|Any CPU
	EndGlobalSection
	GlobalSection(SolutionProperties) = preSolution
		HideSolutionNode = FALSE
	EndGlobalSection
EndGlobal
